
Microsoft Visual Studio Solution File, Format Version 12.00
# Visual Studio Version 17
VisualStudioVersion = 17.6.33829.357
MinimumVisualStudioVersion = 10.0.40219.1
Project("{9A19103F-16F7-4668-BE54-9A1E7A4F7556}") = "RapFinands", "RapFinands.csproj", "{C10AE747-B27F-488E-ADD8-B26D15CD717B}"
EndProject
Global
	GlobalSection(SolutionConfigurationPlatforms) = preSolution
		Debug|Any CPU = Debug|Any CPU
		Release|Any CPU = Release|Any CPU
	EndGlobalSection
	GlobalSection(ProjectConfigurationPlatforms) = postSolution
		{C10AE747-B27F-488E-ADD8-B26D15CD717B}.Debug|Any CPU.ActiveCfg = Debug|Any CPU
		{C10AE747-B27F-488E-ADD8-B26D15CD717B}.Debug|Any CPU.Build.0 = Debug|Any CPU
		{C10AE747-B27F-488E-ADD8-B26D15CD717B}.Release|Any CPU.ActiveCfg = Release|Any CPU
		{C10AE747-B27F-488E-ADD8-B26D15CD717B}.Release|Any CPU.Build.0 = Release|Any CPU
	EndGlobalSection
	GlobalSection(SolutionProperties) = preSolution
		HideSolutionNode = FALSE
	EndGlobalSection
	GlobalSection(ExtensibilityGlobals) = postSolution
		SolutionGuid = {42ADC679-BEFC-419D-B8F8-09C837B02422}
	EndGlobalSection
EndGlobal
